
Microsoft Visual Studio Solution File, Format Version 12.00
# Visual Studio Version 16
VisualStudioVersion = 16.0.31613.86
MinimumVisualStudioVersion = 10.0.40219.1
Project("{8BC9CEB8-8B4A-11D0-8D11-00A0C91BC942}") = "2037", "2037.vcxproj", "{EE00C7D0-05A2-4BF0-A369-C602B7003A1C}"
EndProject
Global
	GlobalSection(SolutionConfigurationPlatforms) = preSolution
		Debug|x64 = Debug|x64
		Debug|x86 = Debug|x86
		Release|x64 = Release|x64
		Release|x86 = Release|x86
	EndGlobalSection
	GlobalSection(ProjectConfigurationPlatforms) = postSolution
		{EE00C7D0-05A2-4BF0-A369-C602B7003A1C}.Debug|x64.ActiveCfg = Debug|x64
		{EE00C7D0-05A2-4BF0-A369-C602B7003A1C}.Debug|x64.Build.0 = Debug|x64
		{EE00C7D0-05A2-4BF0-A369-C602B7003A1C}.Debug|x86.ActiveCfg = Debug|Win32
		{EE00C7D0-05A2-4BF0-A369-C602B7003A1C}.Debug|x86.Build.0 = Debug|Win32
		{EE00C7D0-05A2-4BF0-A369-C602B7003A1C}.Release|x64.ActiveCfg = Release|x64
		{EE00C7D0-05A2-4BF0-A369-C602B7003A1C}.Release|x64.Build.0 = Release|x64
		{EE00C7D0-05A2-4BF0-A369-C602B7003A1C}.Release|x86.ActiveCfg = Release|Win32
		{EE00C7D0-05A2-4BF0-A369-C602B7003A1C}.Release|x86.Build.0 = Release|Win32
	EndGlobalSection
	GlobalSection(SolutionProperties) = preSolution
		HideSolutionNode = FALSE
	EndGlobalSection
	GlobalSection(ExtensibilityGlobals) = postSolution
		SolutionGuid = {3EF0A405-DB36-4B88-AB2A-DF11B93EBC31}
	EndGlobalSection
EndGlobal
